
Microsoft Visual Studio Solution File, Format Version 12.00
# Visual Studio 2015
Project("{FAE04EC0-301F-11D3-BF4B-00C04F79EFBC}") = "SplashAttack.CSharp", "SplashAttack.CSharp.csproj", "{432B8030-9B0B-3427-4B38-5175B532242F}"
EndProject
Global
	GlobalSection(SolutionConfigurationPlatforms) = preSolution
		Debug|Any CPU = Debug|Any CPU
		Release|Any CPU = Release|Any CPU
	EndGlobalSection
	GlobalSection(ProjectConfigurationPlatforms) = postSolution
		{432B8030-9B0B-3427-4B38-5175B532242F}.Debug|Any CPU.ActiveCfg = Debug|Any CPU
		{432B8030-9B0B-3427-4B38-5175B532242F}.Debug|Any CPU.Build.0 = Debug|Any CPU
		{432B8030-9B0B-3427-4B38-5175B532242F}.Release|Any CPU.ActiveCfg = Release|Any CPU
		{432B8030-9B0B-3427-4B38-5175B532242F}.Release|Any CPU.Build.0 = Release|Any CPU
	EndGlobalSection
	GlobalSection(SolutionProperties) = preSolution
		HideSolutionNode = FALSE
	EndGlobalSection
EndGlobal
